// !$*UTF8*$!
{
	archiveVersion = 1;
	classes = {
	};
	objectVersion = 46;
	objects = {

/* Begin PBXBuildFile section */
		7F0BF44E1EDDB06400F4CB09 /* PlaceAlertController.swift in Sources */ = {isa = PBXBuildFile; fileRef = 7F0BF44D1EDDB06400F4CB09 /* PlaceAlertController.swift */; };
		7F154AB31ED98C5600CA4026 /* PhotoCaptureDelegate.swift in Sources */ = {isa = PBXBuildFile; fileRef = 7F154AB21ED98C5600CA4026 /* PhotoCaptureDelegate.swift */; };
		7F154AB71EDB1CA600CA4026 /* SettingViewController.swift in Sources */ = {isa = PBXBuildFile; fileRef = 7F154AB61EDB1CA600CA4026 /* SettingViewController.swift */; };
		7FB4EF351E9D1D3300369D48 /* AppDelegate.swift in Sources */ = {isa = PBXBuildFile; fileRef = 7FB4EF341E9D1D3300369D48 /* AppDelegate.swift */; };
		7FB4EF371E9D1D3300369D48 /* ViewController.swift in Sources */ = {isa = PBXBuildFile; fileRef = 7FB4EF361E9D1D3300369D48 /* ViewController.swift */; };
		7FB4EF3A1E9D1D3300369D48 /* Main.storyboard in Resources */ = {isa = PBXBuildFile; fileRef = 7FB4EF381E9D1D3300369D48 /* Main.storyboard */; };
		7FB4EF3C1E9D1D3300369D48 /* Assets.xcassets in Resources */ = {isa = PBXBuildFile; fileRef = 7FB4EF3B1E9D1D3300369D48 /* Assets.xcassets */; };
		7FB4EF3F1E9D1D3300369D48 /* LaunchScreen.storyboard in Resources */ = {isa = PBXBuildFile; fileRef = 7FB4EF3D1E9D1D3300369D48 /* LaunchScreen.storyboard */; };
		7FB4EF471E9D25D700369D48 /* CamPreview.swift in Sources */ = {isa = PBXBuildFile; fileRef = 7FB4EF461E9D25D700369D48 /* CamPreview.swift */; };
/* End PBXBuildFile section */

/* Begin PBXFileReference section */
		7F0BF44D1EDDB06400F4CB09 /* PlaceAlertController.swift */ = {isa = PBXFileReference; fileEncoding = 4; lastKnownFileType = sourcecode.swift; path = PlaceAlertController.swift; sourceTree = "<group>"; };
		7F154AB21ED98C5600CA4026 /* PhotoCaptureDelegate.swift */ = {isa = PBXFileReference; fileEncoding = 4; lastKnownFileType = sourcecode.swift; path = PhotoCaptureDelegate.swift; sourceTree = "<group>"; };
		7F154AB61EDB1CA600CA4026 /* SettingViewController.swift */ = {isa = PBXFileReference; fileEncoding = 4; lastKnownFileType = sourcecode.swift; path = SettingViewController.swift; sourceTree = "<group>"; };
		7FB4EF311E9D1D3300369D48 /* avtest.app */ = {isa = PBXFileReference; explicitFileType = wrapper.application; includeInIndex = 0; path = avtest.app; sourceTree = BUILT_PRODUCTS_DIR; };
		7FB4EF341E9D1D3300369D48 /* AppDelegate.swift */ = {isa = PBXFileReference; lastKnownFileType = sourcecode.swift; path = AppDelegate.swift; sourceTree = "<group>"; };
		7FB4EF361E9D1D3300369D48 /* ViewController.swift */ = {isa = PBXFileReference; lastKnownFileType = sourcecode.swift; path = ViewController.swift; sourceTree = "<group>"; };
		7FB4EF391E9D1D3300369D48 /* Base */ = {isa = PBXFileReference; lastKnownFileType = file.storyboard; name = Base; path = Base.lproj/Main.storyboard; sourceTree = "<group>"; };
		7FB4EF3B1E9D1D3300369D48 /* Assets.xcassets */ = {isa = PBXFileReference; lastKnownFileType = folder.assetcatalog; path = Assets.xcassets; sourceTree = "<group>"; };
		7FB4EF3E1E9D1D3300369D48 /* Base */ = {isa = PBXFileReference; lastKnownFileType = file.storyboard; name = Base; path = Base.lproj/LaunchScreen.storyboard; sourceTree = "<group>"; };
		7FB4EF401E9D1D3300369D48 /* Info.plist */ = {isa = PBXFileReference; lastKnownFileType = text.plist.xml; path = Info.plist; sourceTree = "<group>"; };
		7FB4EF461E9D25D700369D48 /* CamPreview.swift */ = {isa = PBXFileReference; fileEncoding = 4; lastKnownFileType = sourcecode.swift; path = CamPreview.swift; sourceTree = "<group>"; };
/* End PBXFileReference section */

/* Begin PBXFrameworksBuildPhase section */
		7FB4EF2E1E9D1D3300369D48 /* Frameworks */ = {
			isa = PBXFrameworksBuildPhase;
			buildActionMask = 2147483647;
			files = (
			);
			runOnlyForDeploymentPostprocessing = 0;
		};
/* End PBXFrameworksBuildPhase section */

/* Begin PBXGroup section */
		7FB4EF281E9D1D3300369D48 = {
			isa = PBXGroup;
			children = (
				7FB4EF331E9D1D3300369D48 /* avtest */,
				7FB4EF321E9D1D3300369D48 /* Products */,
			);
			sourceTree = "<group>";
		};
		7FB4EF321E9D1D3300369D48 /* Products */ = {
			isa = PBXGroup;
			children = (
				7FB4EF311E9D1D3300369D48 /* avtest.app */,
			);
			name = Products;
			sourceTree = "<group>";
		};
		7FB4EF331E9D1D3300369D48 /* avtest */ = {
			isa = PBXGroup;
			children = (
				7FB4EF341E9D1D3300369D48 /* AppDelegate.swift */,
				7FB4EF361E9D1D3300369D48 /* ViewController.swift */,
				7FB4EF381E9D1D3300369D48 /* Main.storyboard */,
				7FB4EF3B1E9D1D3300369D48 /* Assets.xcassets */,
				7FB4EF3D1E9D1D3300369D48 /* LaunchScreen.storyboard */,
				7FB4EF401E9D1D3300369D48 /* Info.plist */,
				7FB4EF461E9D25D700369D48 /* CamPreview.swift */,
				7F154AB21ED98C5600CA4026 /* PhotoCaptureDelegate.swift */,
				7F154AB61EDB1CA600CA4026 /* SettingViewController.swift */,
				7F0BF44D1EDDB06400F4CB09 /* PlaceAlertController.swift */,
			);
			path = avtest;
			sourceTree = "<group>";
		};
/* End PBXGroup section */

/* Begin PBXNativeTarget section */
		7FB4EF301E9D1D3300369D48 /* avtest */ = {
			isa = PBXNativeTarget;
			buildConfigurationList = 7FB4EF431E9D1D3300369D48 /* Build configuration list for PBXNativeTarget "avtest" */;
			buildPhases = (
				7FB4EF2D1E9D1D3300369D48 /* Sources */,
				7FB4EF2E1E9D1D3300369D48 /* Frameworks */,
				7FB4EF2F1E9D1D3300369D48 /* Resources */,
			);
			buildRules = (
			);
			dependencies = (
			);
			name = avtest;
			productName = avtest;
			productReference = 7FB4EF311E9D1D3300369D48 /* avtest.app */;
			productType = "com.apple.product-type.application";
		};
/* End PBXNativeTarget section */

/* Begin PBXProject section */
		7FB4EF291E9D1D3300369D48 /* Project object */ = {
			isa = PBXProject;
			attributes = {
				LastSwiftUpdateCheck = 0830;
				LastUpgradeCheck = 0830;
				ORGANIZATIONNAME = vrqq;
				TargetAttributes = {
					7FB4EF301E9D1D3300369D48 = {
						CreatedOnToolsVersion = 8.3.1;
						DevelopmentTeam = 8P9T5MNEX3;
						ProvisioningStyle = Automatic;
					};
				};
			};
			buildConfigurationList = 7FB4EF2C1E9D1D3300369D48 /* Build configuration list for PBXProject "avtest" */;
			compatibilityVersion = "Xcode 3.2";
			developmentRegion = English;
			hasScannedForEncodings = 0;
			knownRegions = (
				en,
				Base,
			);
			mainGroup = 7FB4EF281E9D1D3300369D48;
			productRefGroup = 7FB4EF321E9D1D3300369D48 /* Products */;
			projectDirPath = "";
			projectRoot = "";
			targets = (
				7FB4EF301E9D1D3300369D48 /* avtest */,
			);
		};
/* End PBXProject section */

/* Begin PBXResourcesBuildPhase section */
		7FB4EF2F1E9D1D3300369D48 /* Resources */ = {
			isa = PBXResourcesBuildPhase;
			buildActionMask = 2147483647;
			files = (
				7FB4EF3F1E9D1D3300369D48 /* LaunchScreen.storyboard in Resources */,
				7FB4EF3C1E9D1D3300369D48 /* Assets.xcassets in Resources */,
				7FB4EF3A1E9D1D3300369D48 /* Main.storyboard in Resources */,
			);
			runOnlyForDeploymentPostprocessing = 0;
		};
/* End PBXResourcesBuildPhase section */

/* Begin PBXSourcesBuildPhase section */
		7FB4EF2D1E9D1D3300369D48 /* Sources */ = {
			isa = PBXSourcesBuildPhase;
			buildActionMask = 2147483647;
			files = (
				7F154AB71EDB1CA600CA4026 /* SettingViewController.swift in Sources */,
				7FB4EF371E9D1D3300369D48 /* ViewController.swift in Sources */,
				7FB4EF471E9D25D700369D48 /* CamPreview.swift in Sources */,
				7F154AB31ED98C5600CA4026 /* PhotoCaptureDelegate.swift in Sources */,
				7F0BF44E1EDDB06400F4CB09 /* PlaceAlertController.swift in Sources */,
				7FB4EF351E9D1D3300369D48 /* AppDelegate.swift in Sources */,
			);
			runOnlyForDeploymentPostprocessing = 0;
		};
/* End PBXSourcesBuildPhase section */

/* Begin PBXVariantGroup section */
		7FB4EF381E9D1D3300369D48 /* Main.storyboard */ = {
			isa = PBXVariantGroup;
			children = (
				7FB4EF391E9D1D3300369D48 /* Base */,
			);
			name = Main.storyboard;
			sourceTree = "<group>";
		};
		7FB4EF3D1E9D1D3300369D48 /* LaunchScreen.storyboard */ = {
			isa = PBXVariantGroup;
			children = (
				7FB4EF3E1E9D1D3300369D48 /* Base */,
			);
			name = LaunchScreen.storyboard;
			sourceTree = "<group>";
		};
/* End PBXVariantGroup section */

/* Begin XCBuildConfiguration section */
		7FB4EF411E9D1D3300369D48 /* Debug */ = {
			isa = XCBuildConfiguration;
			buildSettings = {
				ALWAYS_SEARCH_USER_PATHS = NO;
				CLANG_ANALYZER_NONNULL = YES;
				CLANG_ANALYZER_NUMBER_OBJECT_CONVERSION = YES_AGGRESSIVE;
				CLANG_CXX_LANGUAGE_STANDARD = "gnu++0x";
				CLANG_CXX_LIBRARY = "libc++";
				CLANG_ENABLE_MODULES = YES;
				CLANG_ENABLE_OBJC_ARC = YES;
				CLANG_WARN_BOOL_CONVERSION = YES;
				CLANG_WARN_CONSTANT_CONVERSION = YES;
				CLANG_WARN_DIRECT_OBJC_ISA_USAGE = YES_ERROR;
				CLANG_WARN_DOCUMENTATION_COMMENTS = YES;
				CLANG_WARN_EMPTY_BODY = YES;
				CLANG_WARN_ENUM_CONVERSION = YES;
				CLANG_WARN_INFINITE_RECURSION = YES;
				CLANG_WARN_INT_CONVERSION = YES;
				CLANG_WARN_OBJC_ROOT_CLASS = YES_ERROR;
				CLANG_WARN_SUSPICIOUS_MOVE = YES;
				CLANG_WARN_UNREACHABLE_CODE = YES;
				CLANG_WARN__DUPLICATE_METHOD_MATCH = YES;
				"CODE_SIGN_IDENTITY[sdk=iphoneos*]" = "iPhone Developer";
				COPY_PHASE_STRIP = NO;
				DEBUG_INFORMATION_FORMAT = dwarf;
				ENABLE_STRICT_OBJC_MSGSEND = YES;
				ENABLE_TESTABILITY = YES;
				GCC_C_LANGUAGE_STANDARD = gnu99;
				GCC_DYNAMIC_NO_PIC = NO;
				GCC_NO_COMMON_BLOCKS = YES;
				GCC_OPTIMIZATION_LEVEL = 0;
				GCC_PREPROCESSOR_DEFINITIONS = (
					"DEBUG=1",
					"$(inherited)",
				);
				GCC_WARN_64_TO_32_BIT_CONVERSION = YES;
				GCC_WARN_ABOUT_RETURN_TYPE = YES_ERROR;
				GCC_WARN_UNDECLARED_SELECTOR = YES;
				GCC_WARN_UNINITIALIZED_AUTOS = YES_AGGRESSIVE;
				GCC_WARN_UNUSED_FUNCTION = YES;
				GCC_WARN_UNUSED_VARIABLE = YES;
				IPHONEOS_DEPLOYMENT_TARGET = 10.3;
				MTL_ENABLE_DEBUG_INFO = YES;
				ONLY_ACTIVE_ARCH = YES;
				SDKROOT = iphoneos;
				SWIFT_ACTIVE_COMPILATION_CONDITIONS = DEBUG;
				SWIFT_OPTIMIZATION_LEVEL = "-Onone";
			};
			name = Debug;
		};
		7FB4EF421E9D1D3300369D48 /* Release */ = {
			isa = XCBuildConfiguration;
			buildSettings = {
				ALWAYS_SEARCH_USER_PATHS = NO;
				CLANG_ANALYZER_NONNULL = YES;
				CLANG_ANALYZER_NUMBER_OBJECT_CONVERSION = YES_AGGRESSIVE;
				CLANG_CXX_LANGUAGE_STANDARD = "gnu++0x";
				CLANG_CXX_LIBRARY = "libc++";
				CLANG_ENABLE_MODULES = YES;
				CLANG_ENABLE_OBJC_ARC = YES;
				CLANG_WARN_BOOL_CONVERSION = YES;
				CLANG_WARN_CONSTANT_CONVERSION = YES;
				CLANG_WARN_DIRECT_OBJC_ISA_USAGE = YES_ERROR;
				CLANG_WARN_DOCUMENTATION_COMMENTS = YES;
				CLANG_WARN_EMPTY_BODY = YES;
				CLANG_WARN_ENUM_CONVERSION = YES;
				CLANG_WARN_INFINITE_RECURSION = YES;
				CLANG_WARN_INT_CONVERSION = YES;
				CLANG_WARN_OBJC_ROOT_CLASS = YES_ERROR;
				CLANG_WARN_SUSPICIOUS_MOVE = YES;
				CLANG_WARN_UNREACHABLE_CODE = YES;
				CLANG_WARN__DUPLICATE_METHOD_MATCH = YES;
				"CODE_SIGN_IDENTITY[sdk=iphoneos*]" = "iPhone Developer";
				COPY_PHASE_STRIP = NO;
				DEBUG_INFORMATION_FORMAT = "dwarf-with-dsym";
				ENABLE_NS_ASSERTIONS = NO;
				ENABLE_STRICT_OBJC_MSGSEND = YES;
				GCC_C_LANGUAGE_STANDARD = gnu99;
				GCC_NO_COMMON_BLOCKS = YES;
				GCC_WARN_64_TO_32_BIT_CONVERSION = YES;
				GCC_WARN_ABOUT_RETURN_TYPE = YES_ERROR;
				GCC_WARN_UNDECLARED_SELECTOR = YES;
				GCC_WARN_UNINITIALIZED_AUTOS = YES_AGGRESSIVE;
				GCC_WARN_UNUSED_FUNCTION = YES;
				GCC_WARN_UNUSED_VARIABLE = YES;
				IPHONEOS_DEPLOYMENT_TARGET = 10.3;
				MTL_ENABLE_DEBUG_INFO = NO;
				SDKROOT = iphoneos;
				SWIFT_OPTIMIZATION_LEVEL = "-Owholemodule";
				VALIDATE_PRODUCT = YES;
			};
			name = Release;
		};
		7FB4EF441E9D1D3300369D48 /* Debug */ = {
			isa = XCBuildConfiguration;
			buildSettings = {
				ASSETCATALOG_COMPILER_APPICON_NAME = AppIcon;
				DEVELOPMENT_TEAM = 8P9T5MNEX3;
				INFOPLIST_FILE = avtest/Info.plist;
				LD_RUNPATH_SEARCH_PATHS = "$(inherited) @executable_path/Frameworks";
				PRODUCT_BUNDLE_IDENTIFIER = vrqq.avtest;
				PRODUCT_NAME = "$(TARGET_NAME)";
				SWIFT_VERSION = 3.0;
			};
			name = Debug;
		};
		7FB4EF451E9D1D3300369D48 /* Release */ = {
			isa = XCBuildConfiguration;
			buildSettings = {
				ASSETCATALOG_COMPILER_APPICON_NAME = AppIcon;
				DEVELOPMENT_TEAM = 8P9T5MNEX3;
				INFOPLIST_FILE = avtest/Info.plist;
				LD_RUNPATH_SEARCH_PATHS = "$(inherited) @executable_path/Frameworks";
				PRODUCT_BUNDLE_IDENTIFIER = vrqq.avtest;
				PRODUCT_NAME = "$(TARGET_NAME)";
				SWIFT_VERSION = 3.0;
			};
			name = Release;
		};
/* End XCBuildConfiguration section */

/* Begin XCConfigurationList section */
		7FB4EF2C1E9D1D3300369D48 /* Build configuration list for PBXProject "avtest" */ = {
			isa = XCConfigurationList;
			buildConfigurations = (
				7FB4EF411E9D1D3300369D48 /* Debug */,
				7FB4EF421E9D1D3300369D48 /* Release */,
			);
			defaultConfigurationIsVisible = 0;
			defaultConfigurationName = Release;
		};
		7FB4EF431E9D1D3300369D48 /* Build configuration list for PBXNativeTarget "avtest" */ = {
			isa = XCConfigurationList;
			buildConfigurations = (
				7FB4EF441E9D1D3300369D48 /* Debug */,
				7FB4EF451E9D1D3300369D48 /* Release */,
			);
			defaultConfigurationIsVisible = 0;
			defaultConfigurationName = Release;
		};
/* End XCConfigurationList section */
	};
	rootObject = 7FB4EF291E9D1D3300369D48 /* Project object */;
}
